
Microsoft Visual Studio Solution File, Format Version 12.00
# Visual Studio Version 17
VisualStudioVersion = 17.8.34330.188
MinimumVisualStudioVersion = 10.0.40219.1
Project("{9A19103F-16F7-4668-BE54-9A1E7A4F7556}") = "ConsoleApp", "ConsoleApp\ConsoleApp.csproj", "{6A6E7847-7BCD-429F-8792-740BDC940763}"
EndProject
Project("{FAE04EC0-301F-11D3-BF4B-00C04F79EFBC}") = "ContactBookTest", "ContactBookTest\ContactBookTest.csproj", "{69B9D2F6-3D52-4ED5-80E2-192851B53DFF}"
EndProject
Global
	GlobalSection(SolutionConfigurationPlatforms) = preSolution
		Debug|Any CPU = Debug|Any CPU
		Release|Any CPU = Release|Any CPU
	EndGlobalSection
	GlobalSection(ProjectConfigurationPlatforms) = postSolution
		{6A6E7847-7BCD-429F-8792-740BDC940763}.Debug|Any CPU.ActiveCfg = Debug|Any CPU
		{6A6E7847-7BCD-429F-8792-740BDC940763}.Debug|Any CPU.Build.0 = Debug|Any CPU
		{6A6E7847-7BCD-429F-8792-740BDC940763}.Release|Any CPU.ActiveCfg = Release|Any CPU
		{6A6E7847-7BCD-429F-8792-740BDC940763}.Release|Any CPU.Build.0 = Release|Any CPU
		{69B9D2F6-3D52-4ED5-80E2-192851B53DFF}.Debug|Any CPU.ActiveCfg = Debug|Any CPU
		{69B9D2F6-3D52-4ED5-80E2-192851B53DFF}.Debug|Any CPU.Build.0 = Debug|Any CPU
		{69B9D2F6-3D52-4ED5-80E2-192851B53DFF}.Release|Any CPU.ActiveCfg = Release|Any CPU
		{69B9D2F6-3D52-4ED5-80E2-192851B53DFF}.Release|Any CPU.Build.0 = Release|Any CPU
	EndGlobalSection
	GlobalSection(SolutionProperties) = preSolution
		HideSolutionNode = FALSE
	EndGlobalSection
	GlobalSection(ExtensibilityGlobals) = postSolution
		SolutionGuid = {A7FA428E-E675-4E42-8D6A-70DC8B6BD7B5}
	EndGlobalSection
EndGlobal
